
Microsoft Visual Studio Solution File, Format Version 11.00
# Visual Studio 2010
Project("{FAE04EC0-301F-11D3-BF4B-00C04F79EFBC}") = "TechSIS_BWK", "TechSIS_BWK\TechSIS_BWK.csproj", "{A183A6DB-5383-4913-B248-8EDDADACE31C}"
EndProject
Project("{FAE04EC0-301F-11D3-BF4B-00C04F79EFBC}") = "TabEmpre", "TabEmpre\TabEmpre.csproj", "{4F7116C9-3F3E-4FDA-82EE-875E23927CCD}"
EndProject
Project("{FAE04EC0-301F-11D3-BF4B-00C04F79EFBC}") = "AplLixeira", "AplLixeira\AplLixeira.csproj", "{6E9F31C6-3A4D-4DA8-9F6E-8D13997787E5}"
EndProject
Project("{2150E333-8FDC-42A3-9474-1A3956D46DE8}") = "Pesquisas", "Pesquisas", "{57AA54D0-3097-4448-B952-885588882B98}"
EndProject
Project("{FAE04EC0-301F-11D3-BF4B-00C04F79EFBC}") = "PesProgr.cs", "PesProgr.cs\PesProgr.cs.csproj", "{AFA9E014-318D-4873-90DB-C6AF590B8181}"
EndProject
Project("{FAE04EC0-301F-11D3-BF4B-00C04F79EFBC}") = "PesEmpre.cs", "PesEmpre.cs\PesEmpre.cs.csproj", "{0680062C-D4EB-48D7-A188-4948AA7142D6}"
EndProject
Project("{2150E333-8FDC-42A3-9474-1A3956D46DE8}") = "Relatórios", "Relatórios", "{C5FFE3E8-C3A7-49CE-9609-0F846481427E}"
EndProject
Project("{FAE04EC0-301F-11D3-BF4B-00C04F79EFBC}") = "AplReport", "AplReport\AplReport.csproj", "{4A60253F-5BC4-492B-BEBA-029F1EB6E69D}"
EndProject
Project("{FAE04EC0-301F-11D3-BF4B-00C04F79EFBC}") = "TabProgr", "TabProgr\TabProgr.csproj", "{9D6E8D58-9B4D-481D-94D4-3F26F1F748C9}"
EndProject
Project("{FAE04EC0-301F-11D3-BF4B-00C04F79EFBC}") = "TabUsuar", "TabUsuar\TabUsuar.csproj", "{BCE652D4-995A-41EC-98B4-7D65EC270C1B}"
EndProject
Project("{FAE04EC0-301F-11D3-BF4B-00C04F79EFBC}") = "TabPermi", "TabPermi\TabPermi.csproj", "{10BDBA58-D92B-4739-B772-7C06BE264A1C}"
EndProject
Project("{FAE04EC0-301F-11D3-BF4B-00C04F79EFBC}") = "TabCidad", "TabCidad\TabCidad.csproj", "{7CE8D212-8209-41DC-931A-4C2468D5940D}"
EndProject
Project("{FAE04EC0-301F-11D3-BF4B-00C04F79EFBC}") = "TabNewSe", "TabNewSe\TabNewSe.csproj", "{23A7FB57-0CC4-47E9-AF26-D1BCF01C79E7}"
EndProject
Project("{FAE04EC0-301F-11D3-BF4B-00C04F79EFBC}") = "TabConfg", "TabConfg\TabConfg.csproj", "{ED9E4D88-D317-43BD-B985-5EA8EFB12FD6}"
EndProject
Project("{FAE04EC0-301F-11D3-BF4B-00C04F79EFBC}") = "AplUsuaAt", "AplUsuaAt\AplUsuaAt.csproj", "{83293A35-81BD-491A-A346-528648B37945}"
EndProject
Project("{FAE04EC0-301F-11D3-BF4B-00C04F79EFBC}") = "TabClien", "TabClien\TabClien.csproj", "{5F0E8BC7-FC7F-45A3-979F-771C71B789B7}"
EndProject
Project("{FAE04EC0-301F-11D3-BF4B-00C04F79EFBC}") = "TabMsgNt", "TabMsgNt\TabMsgNt.csproj", "{9C48F6E9-2861-4744-9FF0-C62DB3E1B6C4}"
EndProject
Project("{FAE04EC0-301F-11D3-BF4B-00C04F79EFBC}") = "TabCfope", "TabCfope\TabCfope.csproj", "{62F2A8ED-5767-409F-AF3F-5F80C5DEB7B2}"
EndProject
Project("{FAE04EC0-301F-11D3-BF4B-00C04F79EFBC}") = "PesCidad.cs", "PesCidad.cs\PesCidad.cs.csproj", "{F4A05902-AA1A-4656-9E99-CFB136845096}"
EndProject
Project("{FAE04EC0-301F-11D3-BF4B-00C04F79EFBC}") = "PesUsuar.cs", "PesUsuar.cs\PesUsuar.cs.csproj", "{5371FCDD-BC77-4F6F-8E47-5C57CC262AFE}"
EndProject
Project("{FAE04EC0-301F-11D3-BF4B-00C04F79EFBC}") = "PesMunic.cs", "PesMunic.cs\PesMunic.cs.csproj", "{24DF1FE5-9D5A-44C0-93A8-F5D7BAC55185}"
EndProject
Project("{FAE04EC0-301F-11D3-BF4B-00C04F79EFBC}") = "PesPaise.cs", "PesPaise.cs\PesPaise.cs.csproj", "{69C50EB4-D8B0-48E8-AB33-1219F389A1F4}"
EndProject
Project("{FAE04EC0-301F-11D3-BF4B-00C04F79EFBC}") = "TabRotas", "TabRotas\TabRotas.csproj", "{B07B33EE-7255-4EEE-9EA4-24E0C2784E50}"
EndProject
Project("{FAE04EC0-301F-11D3-BF4B-00C04F79EFBC}") = "PesClie1.cs", "PesClie1.cs\PesClie1.cs.csproj", "{97AAD83D-FAB4-4185-BCAD-61C61A42B5EC}"
EndProject
Project("{FAE04EC0-301F-11D3-BF4B-00C04F79EFBC}") = "PesCfope.cs", "PesCfope.cs\PesCfope.cs.csproj", "{C5A789ED-BC04-4E39-AE67-2D086607DBCC}"
EndProject
Project("{FAE04EC0-301F-11D3-BF4B-00C04F79EFBC}") = "PesMsgNt.cs", "PesMsgNt.cs\PesMsgNt.cs.csproj", "{EC81783C-F033-47F2-B5D4-6F4DC9F26403}"
EndProject
Project("{FAE04EC0-301F-11D3-BF4B-00C04F79EFBC}") = "PesRotas.cs", "PesRotas.cs\PesRotas.cs.csproj", "{EAF5EC13-3469-4D39-B229-7831CC6741E6}"
EndProject
Project("{FAE04EC0-301F-11D3-BF4B-00C04F79EFBC}") = "PesTrans.cs", "PesTrans.cs\PesTrans.cs.csproj", "{3704E6A9-C0EA-431D-BCB7-B33242BD49E4}"
EndProject
Project("{FAE04EC0-301F-11D3-BF4B-00C04F79EFBC}") = "PesVende.cs", "PesVende.cs\PesVende.cs.csproj", "{009DE9F6-1B91-4470-ADB3-B77CF09DF7EE}"
EndProject
Project("{FAE04EC0-301F-11D3-BF4B-00C04F79EFBC}") = "PesConve.cs", "PesConve.cs\PesConve.cs.csproj", "{24966F2A-10CA-4EC6-BEEE-6B4672A55EA3}"
EndProject
Project("{FAE04EC0-301F-11D3-BF4B-00C04F79EFBC}") = "TabConve", "TabConve\TabConve.csproj", "{2410356A-4A73-42ED-B39D-E890BA617C34}"
EndProject
Project("{FAE04EC0-301F-11D3-BF4B-00C04F79EFBC}") = "TabSetor", "TabSetor\TabSetor.csproj", "{4A25D651-3EA4-49D7-917B-116263F1A3D5}"
EndProject
Project("{FAE04EC0-301F-11D3-BF4B-00C04F79EFBC}") = "PesSetor.cs", "PesSetor.cs\PesSetor.cs.csproj", "{91858CAE-979D-47DA-AC38-0D77B5CC7A53}"
EndProject
Project("{FAE04EC0-301F-11D3-BF4B-00C04F79EFBC}") = "CfgComun", "CfgComun\CfgComun.csproj", "{B59259B0-C951-4E02-B038-69BC0CE23F99}"
EndProject
Project("{2150E333-8FDC-42A3-9474-1A3956D46DE8}") = "Tabelas", "Tabelas", "{9D9268FE-5384-4FB4-BCA3-B599AAD066C3}"
EndProject
Project("{2150E333-8FDC-42A3-9474-1A3956D46DE8}") = "Aplicacão", "Aplicacão", "{1B280106-6AA7-4821-B265-10EFEF7200FE}"
EndProject
Project("{2150E333-8FDC-42A3-9474-1A3956D46DE8}") = "Configuração", "Configuração", "{29A9B6FF-05C4-451A-8ED7-B155905B057F}"
EndProject
Project("{2150E333-8FDC-42A3-9474-1A3956D46DE8}") = "Report", "Report", "{6FD0FF6C-759C-4D71-9745-562D202A3020}"
EndProject
Global
	GlobalSection(SolutionConfigurationPlatforms) = preSolution
		Debug|Any CPU = Debug|Any CPU
		Debug|Mixed Platforms = Debug|Mixed Platforms
		Debug|x86 = Debug|x86
		Release|Any CPU = Release|Any CPU
		Release|Mixed Platforms = Release|Mixed Platforms
		Release|x86 = Release|x86
		Description = Administrativo TechSIS.  Sua empresa, em suas mãos
	EndGlobalSection
	GlobalSection(ProjectConfigurationPlatforms) = postSolution
		{A183A6DB-5383-4913-B248-8EDDADACE31C}.Debug|Any CPU.ActiveCfg = Debug|x86
		{A183A6DB-5383-4913-B248-8EDDADACE31C}.Debug|Mixed Platforms.ActiveCfg = Debug|x86
		{A183A6DB-5383-4913-B248-8EDDADACE31C}.Debug|Mixed Platforms.Build.0 = Debug|x86
		{A183A6DB-5383-4913-B248-8EDDADACE31C}.Debug|x86.ActiveCfg = Debug|x86
		{A183A6DB-5383-4913-B248-8EDDADACE31C}.Debug|x86.Build.0 = Debug|x86
		{A183A6DB-5383-4913-B248-8EDDADACE31C}.Release|Any CPU.ActiveCfg = Release|x86
		{A183A6DB-5383-4913-B248-8EDDADACE31C}.Release|Mixed Platforms.ActiveCfg = Release|x86
		{A183A6DB-5383-4913-B248-8EDDADACE31C}.Release|Mixed Platforms.Build.0 = Release|x86
		{A183A6DB-5383-4913-B248-8EDDADACE31C}.Release|x86.ActiveCfg = Release|x86
		{A183A6DB-5383-4913-B248-8EDDADACE31C}.Release|x86.Build.0 = Release|x86
		{4F7116C9-3F3E-4FDA-82EE-875E23927CCD}.Debug|Any CPU.ActiveCfg = Debug|Any CPU
		{4F7116C9-3F3E-4FDA-82EE-875E23927CCD}.Debug|Any CPU.Build.0 = Debug|Any CPU
		{4F7116C9-3F3E-4FDA-82EE-875E23927CCD}.Debug|Mixed Platforms.ActiveCfg = Debug|Any CPU
		{4F7116C9-3F3E-4FDA-82EE-875E23927CCD}.Debug|Mixed Platforms.Build.0 = Debug|Any CPU
		{4F7116C9-3F3E-4FDA-82EE-875E23927CCD}.Debug|x86.ActiveCfg = Debug|Any CPU
		{4F7116C9-3F3E-4FDA-82EE-875E23927CCD}.Release|Any CPU.ActiveCfg = Release|Any CPU
		{4F7116C9-3F3E-4FDA-82EE-875E23927CCD}.Release|Any CPU.Build.0 = Release|Any CPU
		{4F7116C9-3F3E-4FDA-82EE-875E23927CCD}.Release|Mixed Platforms.ActiveCfg = Release|Any CPU
		{4F7116C9-3F3E-4FDA-82EE-875E23927CCD}.Release|Mixed Platforms.Build.0 = Release|Any CPU
		{4F7116C9-3F3E-4FDA-82EE-875E23927CCD}.Release|x86.ActiveCfg = Release|Any CPU
		{6E9F31C6-3A4D-4DA8-9F6E-8D13997787E5}.Debug|Any CPU.ActiveCfg = Debug|Any CPU
		{6E9F31C6-3A4D-4DA8-9F6E-8D13997787E5}.Debug|Any CPU.Build.0 = Debug|Any CPU
		{6E9F31C6-3A4D-4DA8-9F6E-8D13997787E5}.Debug|Mixed Platforms.ActiveCfg = Debug|Any CPU
		{6E9F31C6-3A4D-4DA8-9F6E-8D13997787E5}.Debug|Mixed Platforms.Build.0 = Debug|Any CPU
		{6E9F31C6-3A4D-4DA8-9F6E-8D13997787E5}.Debug|x86.ActiveCfg = Debug|Any CPU
		{6E9F31C6-3A4D-4DA8-9F6E-8D13997787E5}.Release|Any CPU.ActiveCfg = Release|Any CPU
		{6E9F31C6-3A4D-4DA8-9F6E-8D13997787E5}.Release|Any CPU.Build.0 = Release|Any CPU
		{6E9F31C6-3A4D-4DA8-9F6E-8D13997787E5}.Release|Mixed Platforms.ActiveCfg = Release|Any CPU
		{6E9F31C6-3A4D-4DA8-9F6E-8D13997787E5}.Release|Mixed Platforms.Build.0 = Release|Any CPU
		{6E9F31C6-3A4D-4DA8-9F6E-8D13997787E5}.Release|x86.ActiveCfg = Release|Any CPU
		{AFA9E014-318D-4873-90DB-C6AF590B8181}.Debug|Any CPU.ActiveCfg = Debug|Any CPU
		{AFA9E014-318D-4873-90DB-C6AF590B8181}.Debug|Any CPU.Build.0 = Debug|Any CPU
		{AFA9E014-318D-4873-90DB-C6AF590B8181}.Debug|Mixed Platforms.ActiveCfg = Debug|Any CPU
		{AFA9E014-318D-4873-90DB-C6AF590B8181}.Debug|Mixed Platforms.Build.0 = Debug|Any CPU
		{AFA9E014-318D-4873-90DB-C6AF590B8181}.Debug|x86.ActiveCfg = Debug|Any CPU
		{AFA9E014-318D-4873-90DB-C6AF590B8181}.Release|Any CPU.ActiveCfg = Release|Any CPU
		{AFA9E014-318D-4873-90DB-C6AF590B8181}.Release|Any CPU.Build.0 = Release|Any CPU
		{AFA9E014-318D-4873-90DB-C6AF590B8181}.Release|Mixed Platforms.ActiveCfg = Release|Any CPU
		{AFA9E014-318D-4873-90DB-C6AF590B8181}.Release|Mixed Platforms.Build.0 = Release|Any CPU
		{AFA9E014-318D-4873-90DB-C6AF590B8181}.Release|x86.ActiveCfg = Release|Any CPU
		{0680062C-D4EB-48D7-A188-4948AA7142D6}.Debug|Any CPU.ActiveCfg = Debug|Any CPU
		{0680062C-D4EB-48D7-A188-4948AA7142D6}.Debug|Any CPU.Build.0 = Debug|Any CPU
		{0680062C-D4EB-48D7-A188-4948AA7142D6}.Debug|Mixed Platforms.ActiveCfg = Debug|Any CPU
		{0680062C-D4EB-48D7-A188-4948AA7142D6}.Debug|Mixed Platforms.Build.0 = Debug|Any CPU
		{0680062C-D4EB-48D7-A188-4948AA7142D6}.Debug|x86.ActiveCfg = Debug|Any CPU
		{0680062C-D4EB-48D7-A188-4948AA7142D6}.Release|Any CPU.ActiveCfg = Release|Any CPU
		{0680062C-D4EB-48D7-A188-4948AA7142D6}.Release|Any CPU.Build.0 = Release|Any CPU
		{0680062C-D4EB-48D7-A188-4948AA7142D6}.Release|Mixed Platforms.ActiveCfg = Release|Any CPU
		{0680062C-D4EB-48D7-A188-4948AA7142D6}.Release|Mixed Platforms.Build.0 = Release|Any CPU
		{0680062C-D4EB-48D7-A188-4948AA7142D6}.Release|x86.ActiveCfg = Release|Any CPU
		{4A60253F-5BC4-492B-BEBA-029F1EB6E69D}.Debug|Any CPU.ActiveCfg = Debug|Any CPU
		{4A60253F-5BC4-492B-BEBA-029F1EB6E69D}.Debug|Any CPU.Build.0 = Debug|Any CPU
		{4A60253F-5BC4-492B-BEBA-029F1EB6E69D}.Debug|Mixed Platforms.ActiveCfg = Debug|Any CPU
		{4A60253F-5BC4-492B-BEBA-029F1EB6E69D}.Debug|Mixed Platforms.Build.0 = Debug|Any CPU
		{4A60253F-5BC4-492B-BEBA-029F1EB6E69D}.Debug|x86.ActiveCfg = Debug|Any CPU
		{4A60253F-5BC4-492B-BEBA-029F1EB6E69D}.Release|Any CPU.ActiveCfg = Release|Any CPU
		{4A60253F-5BC4-492B-BEBA-029F1EB6E69D}.Release|Any CPU.Build.0 = Release|Any CPU
		{4A60253F-5BC4-492B-BEBA-029F1EB6E69D}.Release|Mixed Platforms.ActiveCfg = Release|Any CPU
		{4A60253F-5BC4-492B-BEBA-029F1EB6E69D}.Release|Mixed Platforms.Build.0 = Release|Any CPU
		{4A60253F-5BC4-492B-BEBA-029F1EB6E69D}.Release|x86.ActiveCfg = Release|Any CPU
		{9D6E8D58-9B4D-481D-94D4-3F26F1F748C9}.Debug|Any CPU.ActiveCfg = Debug|x86
		{9D6E8D58-9B4D-481D-94D4-3F26F1F748C9}.Debug|Mixed Platforms.ActiveCfg = Debug|x86
		{9D6E8D58-9B4D-481D-94D4-3F26F1F748C9}.Debug|Mixed Platforms.Build.0 = Debug|x86
		{9D6E8D58-9B4D-481D-94D4-3F26F1F748C9}.Debug|x86.ActiveCfg = Debug|x86
		{9D6E8D58-9B4D-481D-94D4-3F26F1F748C9}.Debug|x86.Build.0 = Debug|x86
		{9D6E8D58-9B4D-481D-94D4-3F26F1F748C9}.Release|Any CPU.ActiveCfg = Release|x86
		{9D6E8D58-9B4D-481D-94D4-3F26F1F748C9}.Release|Mixed Platforms.ActiveCfg = Release|x86
		{9D6E8D58-9B4D-481D-94D4-3F26F1F748C9}.Release|Mixed Platforms.Build.0 = Release|x86
		{9D6E8D58-9B4D-481D-94D4-3F26F1F748C9}.Release|x86.ActiveCfg = Release|x86
		{9D6E8D58-9B4D-481D-94D4-3F26F1F748C9}.Release|x86.Build.0 = Release|x86
		{BCE652D4-995A-41EC-98B4-7D65EC270C1B}.Debug|Any CPU.ActiveCfg = Debug|Any CPU
		{BCE652D4-995A-41EC-98B4-7D65EC270C1B}.Debug|Any CPU.Build.0 = Debug|Any CPU
		{BCE652D4-995A-41EC-98B4-7D65EC270C1B}.Debug|Mixed Platforms.ActiveCfg = Debug|Any CPU
		{BCE652D4-995A-41EC-98B4-7D65EC270C1B}.Debug|Mixed Platforms.Build.0 = Debug|Any CPU
		{BCE652D4-995A-41EC-98B4-7D65EC270C1B}.Debug|x86.ActiveCfg = Debug|Any CPU
		{BCE652D4-995A-41EC-98B4-7D65EC270C1B}.Release|Any CPU.ActiveCfg = Release|Any CPU
		{BCE652D4-995A-41EC-98B4-7D65EC270C1B}.Release|Any CPU.Build.0 = Release|Any CPU
		{BCE652D4-995A-41EC-98B4-7D65EC270C1B}.Release|Mixed Platforms.ActiveCfg = Release|Any CPU
		{BCE652D4-995A-41EC-98B4-7D65EC270C1B}.Release|Mixed Platforms.Build.0 = Release|Any CPU
		{BCE652D4-995A-41EC-98B4-7D65EC270C1B}.Release|x86.ActiveCfg = Release|Any CPU
		{10BDBA58-D92B-4739-B772-7C06BE264A1C}.Debug|Any CPU.ActiveCfg = Debug|Any CPU
		{10BDBA58-D92B-4739-B772-7C06BE264A1C}.Debug|Any CPU.Build.0 = Debug|Any CPU
		{10BDBA58-D92B-4739-B772-7C06BE264A1C}.Debug|Mixed Platforms.ActiveCfg = Debug|Any CPU
		{10BDBA58-D92B-4739-B772-7C06BE264A1C}.Debug|Mixed Platforms.Build.0 = Debug|Any CPU
		{10BDBA58-D92B-4739-B772-7C06BE264A1C}.Debug|x86.ActiveCfg = Debug|Any CPU
		{10BDBA58-D92B-4739-B772-7C06BE264A1C}.Release|Any CPU.ActiveCfg = Release|Any CPU
		{10BDBA58-D92B-4739-B772-7C06BE264A1C}.Release|Any CPU.Build.0 = Release|Any CPU
		{10BDBA58-D92B-4739-B772-7C06BE264A1C}.Release|Mixed Platforms.ActiveCfg = Release|Any CPU
		{10BDBA58-D92B-4739-B772-7C06BE264A1C}.Release|Mixed Platforms.Build.0 = Release|Any CPU
		{10BDBA58-D92B-4739-B772-7C06BE264A1C}.Release|x86.ActiveCfg = Release|Any CPU
		{7CE8D212-8209-41DC-931A-4C2468D5940D}.Debug|Any CPU.ActiveCfg = Debug|Any CPU
		{7CE8D212-8209-41DC-931A-4C2468D5940D}.Debug|Any CPU.Build.0 = Debug|Any CPU
		{7CE8D212-8209-41DC-931A-4C2468D5940D}.Debug|Mixed Platforms.ActiveCfg = Debug|Any CPU
		{7CE8D212-8209-41DC-931A-4C2468D5940D}.Debug|Mixed Platforms.Build.0 = Debug|Any CPU
		{7CE8D212-8209-41DC-931A-4C2468D5940D}.Debug|x86.ActiveCfg = Debug|Any CPU
		{7CE8D212-8209-41DC-931A-4C2468D5940D}.Release|Any CPU.ActiveCfg = Release|Any CPU
		{7CE8D212-8209-41DC-931A-4C2468D5940D}.Release|Any CPU.Build.0 = Release|Any CPU
		{7CE8D212-8209-41DC-931A-4C2468D5940D}.Release|Mixed Platforms.ActiveCfg = Release|Any CPU
		{7CE8D212-8209-41DC-931A-4C2468D5940D}.Release|Mixed Platforms.Build.0 = Release|Any CPU
		{7CE8D212-8209-41DC-931A-4C2468D5940D}.Release|x86.ActiveCfg = Release|Any CPU
		{23A7FB57-0CC4-47E9-AF26-D1BCF01C79E7}.Debug|Any CPU.ActiveCfg = Debug|Any CPU
		{23A7FB57-0CC4-47E9-AF26-D1BCF01C79E7}.Debug|Any CPU.Build.0 = Debug|Any CPU
		{23A7FB57-0CC4-47E9-AF26-D1BCF01C79E7}.Debug|Mixed Platforms.ActiveCfg = Debug|Any CPU
		{23A7FB57-0CC4-47E9-AF26-D1BCF01C79E7}.Debug|Mixed Platforms.Build.0 = Debug|Any CPU
		{23A7FB57-0CC4-47E9-AF26-D1BCF01C79E7}.Debug|x86.ActiveCfg = Debug|Any CPU
		{23A7FB57-0CC4-47E9-AF26-D1BCF01C79E7}.Release|Any CPU.ActiveCfg = Release|Any CPU
		{23A7FB57-0CC4-47E9-AF26-D1BCF01C79E7}.Release|Any CPU.Build.0 = Release|Any CPU
		{23A7FB57-0CC4-47E9-AF26-D1BCF01C79E7}.Release|Mixed Platforms.ActiveCfg = Release|Any CPU
		{23A7FB57-0CC4-47E9-AF26-D1BCF01C79E7}.Release|Mixed Platforms.Build.0 = Release|Any CPU
		{23A7FB57-0CC4-47E9-AF26-D1BCF01C79E7}.Release|x86.ActiveCfg = Release|Any CPU
		{ED9E4D88-D317-43BD-B985-5EA8EFB12FD6}.Debug|Any CPU.ActiveCfg = Debug|Any CPU
		{ED9E4D88-D317-43BD-B985-5EA8EFB12FD6}.Debug|Any CPU.Build.0 = Debug|Any CPU
		{ED9E4D88-D317-43BD-B985-5EA8EFB12FD6}.Debug|Mixed Platforms.ActiveCfg = Debug|Any CPU
		{ED9E4D88-D317-43BD-B985-5EA8EFB12FD6}.Debug|Mixed Platforms.Build.0 = Debug|Any CPU
		{ED9E4D88-D317-43BD-B985-5EA8EFB12FD6}.Debug|x86.ActiveCfg = Debug|Any CPU
		{ED9E4D88-D317-43BD-B985-5EA8EFB12FD6}.Release|Any CPU.ActiveCfg = Release|Any CPU
		{ED9E4D88-D317-43BD-B985-5EA8EFB12FD6}.Release|Any CPU.Build.0 = Release|Any CPU
		{ED9E4D88-D317-43BD-B985-5EA8EFB12FD6}.Release|Mixed Platforms.ActiveCfg = Release|Any CPU
		{ED9E4D88-D317-43BD-B985-5EA8EFB12FD6}.Release|Mixed Platforms.Build.0 = Release|Any CPU
		{ED9E4D88-D317-43BD-B985-5EA8EFB12FD6}.Release|x86.ActiveCfg = Release|Any CPU
		{83293A35-81BD-491A-A346-528648B37945}.Debug|Any CPU.ActiveCfg = Debug|Any CPU
		{83293A35-81BD-491A-A346-528648B37945}.Debug|Any CPU.Build.0 = Debug|Any CPU
		{83293A35-81BD-491A-A346-528648B37945}.Debug|Mixed Platforms.ActiveCfg = Debug|Any CPU
		{83293A35-81BD-491A-A346-528648B37945}.Debug|Mixed Platforms.Build.0 = Debug|Any CPU
		{83293A35-81BD-491A-A346-528648B37945}.Debug|x86.ActiveCfg = Debug|Any CPU
		{83293A35-81BD-491A-A346-528648B37945}.Release|Any CPU.ActiveCfg = Release|Any CPU
		{83293A35-81BD-491A-A346-528648B37945}.Release|Any CPU.Build.0 = Release|Any CPU
		{83293A35-81BD-491A-A346-528648B37945}.Release|Mixed Platforms.ActiveCfg = Release|Any CPU
		{83293A35-81BD-491A-A346-528648B37945}.Release|Mixed Platforms.Build.0 = Release|Any CPU
		{83293A35-81BD-491A-A346-528648B37945}.Release|x86.ActiveCfg = Release|Any CPU
		{5F0E8BC7-FC7F-45A3-979F-771C71B789B7}.Debug|Any CPU.ActiveCfg = Debug|Any CPU
		{5F0E8BC7-FC7F-45A3-979F-771C71B789B7}.Debug|Any CPU.Build.0 = Debug|Any CPU
		{5F0E8BC7-FC7F-45A3-979F-771C71B789B7}.Debug|Mixed Platforms.ActiveCfg = Debug|Any CPU
		{5F0E8BC7-FC7F-45A3-979F-771C71B789B7}.Debug|Mixed Platforms.Build.0 = Debug|Any CPU
		{5F0E8BC7-FC7F-45A3-979F-771C71B789B7}.Debug|x86.ActiveCfg = Debug|Any CPU
		{5F0E8BC7-FC7F-45A3-979F-771C71B789B7}.Release|Any CPU.ActiveCfg = Release|Any CPU
		{5F0E8BC7-FC7F-45A3-979F-771C71B789B7}.Release|Any CPU.Build.0 = Release|Any CPU
		{5F0E8BC7-FC7F-45A3-979F-771C71B789B7}.Release|Mixed Platforms.ActiveCfg = Release|Any CPU
		{5F0E8BC7-FC7F-45A3-979F-771C71B789B7}.Release|Mixed Platforms.Build.0 = Release|Any CPU
		{5F0E8BC7-FC7F-45A3-979F-771C71B789B7}.Release|x86.ActiveCfg = Release|Any CPU
		{9C48F6E9-2861-4744-9FF0-C62DB3E1B6C4}.Debug|Any CPU.ActiveCfg = Debug|Any CPU
		{9C48F6E9-2861-4744-9FF0-C62DB3E1B6C4}.Debug|Any CPU.Build.0 = Debug|Any CPU
		{9C48F6E9-2861-4744-9FF0-C62DB3E1B6C4}.Debug|Mixed Platforms.ActiveCfg = Debug|Any CPU
		{9C48F6E9-2861-4744-9FF0-C62DB3E1B6C4}.Debug|Mixed Platforms.Build.0 = Debug|Any CPU
		{9C48F6E9-2861-4744-9FF0-C62DB3E1B6C4}.Debug|x86.ActiveCfg = Debug|Any CPU
		{9C48F6E9-2861-4744-9FF0-C62DB3E1B6C4}.Release|Any CPU.ActiveCfg = Release|Any CPU
		{9C48F6E9-2861-4744-9FF0-C62DB3E1B6C4}.Release|Any CPU.Build.0 = Release|Any CPU
		{9C48F6E9-2861-4744-9FF0-C62DB3E1B6C4}.Release|Mixed Platforms.ActiveCfg = Release|Any CPU
		{9C48F6E9-2861-4744-9FF0-C62DB3E1B6C4}.Release|Mixed Platforms.Build.0 = Release|Any CPU
		{9C48F6E9-2861-4744-9FF0-C62DB3E1B6C4}.Release|x86.ActiveCfg = Release|Any CPU
		{62F2A8ED-5767-409F-AF3F-5F80C5DEB7B2}.Debug|Any CPU.ActiveCfg = Debug|Any CPU
		{62F2A8ED-5767-409F-AF3F-5F80C5DEB7B2}.Debug|Any CPU.Build.0 = Debug|Any CPU
		{62F2A8ED-5767-409F-AF3F-5F80C5DEB7B2}.Debug|Mixed Platforms.ActiveCfg = Debug|Any CPU
		{62F2A8ED-5767-409F-AF3F-5F80C5DEB7B2}.Debug|Mixed Platforms.Build.0 = Debug|Any CPU
		{62F2A8ED-5767-409F-AF3F-5F80C5DEB7B2}.Debug|x86.ActiveCfg = Debug|Any CPU
		{62F2A8ED-5767-409F-AF3F-5F80C5DEB7B2}.Release|Any CPU.ActiveCfg = Release|Any CPU
		{62F2A8ED-5767-409F-AF3F-5F80C5DEB7B2}.Release|Any CPU.Build.0 = Release|Any CPU
		{62F2A8ED-5767-409F-AF3F-5F80C5DEB7B2}.Release|Mixed Platforms.ActiveCfg = Release|Any CPU
		{62F2A8ED-5767-409F-AF3F-5F80C5DEB7B2}.Release|Mixed Platforms.Build.0 = Release|Any CPU
		{62F2A8ED-5767-409F-AF3F-5F80C5DEB7B2}.Release|x86.ActiveCfg = Release|Any CPU
		{F4A05902-AA1A-4656-9E99-CFB136845096}.Debug|Any CPU.ActiveCfg = Debug|Any CPU
		{F4A05902-AA1A-4656-9E99-CFB136845096}.Debug|Any CPU.Build.0 = Debug|Any CPU
		{F4A05902-AA1A-4656-9E99-CFB136845096}.Debug|Mixed Platforms.ActiveCfg = Debug|Any CPU
		{F4A05902-AA1A-4656-9E99-CFB136845096}.Debug|Mixed Platforms.Build.0 = Debug|Any CPU
		{F4A05902-AA1A-4656-9E99-CFB136845096}.Debug|x86.ActiveCfg = Debug|Any CPU
		{F4A05902-AA1A-4656-9E99-CFB136845096}.Release|Any CPU.ActiveCfg = Release|Any CPU
		{F4A05902-AA1A-4656-9E99-CFB136845096}.Release|Any CPU.Build.0 = Release|Any CPU
		{F4A05902-AA1A-4656-9E99-CFB136845096}.Release|Mixed Platforms.ActiveCfg = Release|Any CPU
		{F4A05902-AA1A-4656-9E99-CFB136845096}.Release|Mixed Platforms.Build.0 = Release|Any CPU
		{F4A05902-AA1A-4656-9E99-CFB136845096}.Release|x86.ActiveCfg = Release|Any CPU
		{5371FCDD-BC77-4F6F-8E47-5C57CC262AFE}.Debug|Any CPU.ActiveCfg = Debug|Any CPU
		{5371FCDD-BC77-4F6F-8E47-5C57CC262AFE}.Debug|Any CPU.Build.0 = Debug|Any CPU
		{5371FCDD-BC77-4F6F-8E47-5C57CC262AFE}.Debug|Mixed Platforms.ActiveCfg = Debug|Any CPU
		{5371FCDD-BC77-4F6F-8E47-5C57CC262AFE}.Debug|Mixed Platforms.Build.0 = Debug|Any CPU
		{5371FCDD-BC77-4F6F-8E47-5C57CC262AFE}.Debug|x86.ActiveCfg = Debug|Any CPU
		{5371FCDD-BC77-4F6F-8E47-5C57CC262AFE}.Release|Any CPU.ActiveCfg = Release|Any CPU
		{5371FCDD-BC77-4F6F-8E47-5C57CC262AFE}.Release|Any CPU.Build.0 = Release|Any CPU
		{5371FCDD-BC77-4F6F-8E47-5C57CC262AFE}.Release|Mixed Platforms.ActiveCfg = Release|Any CPU
		{5371FCDD-BC77-4F6F-8E47-5C57CC262AFE}.Release|Mixed Platforms.Build.0 = Release|Any CPU
		{5371FCDD-BC77-4F6F-8E47-5C57CC262AFE}.Release|x86.ActiveCfg = Release|Any CPU
		{24DF1FE5-9D5A-44C0-93A8-F5D7BAC55185}.Debug|Any CPU.ActiveCfg = Debug|Any CPU
		{24DF1FE5-9D5A-44C0-93A8-F5D7BAC55185}.Debug|Any CPU.Build.0 = Debug|Any CPU
		{24DF1FE5-9D5A-44C0-93A8-F5D7BAC55185}.Debug|Mixed Platforms.ActiveCfg = Debug|Any CPU
		{24DF1FE5-9D5A-44C0-93A8-F5D7BAC55185}.Debug|Mixed Platforms.Build.0 = Debug|Any CPU
		{24DF1FE5-9D5A-44C0-93A8-F5D7BAC55185}.Debug|x86.ActiveCfg = Debug|Any CPU
		{24DF1FE5-9D5A-44C0-93A8-F5D7BAC55185}.Release|Any CPU.ActiveCfg = Release|Any CPU
		{24DF1FE5-9D5A-44C0-93A8-F5D7BAC55185}.Release|Any CPU.Build.0 = Release|Any CPU
		{24DF1FE5-9D5A-44C0-93A8-F5D7BAC55185}.Release|Mixed Platforms.ActiveCfg = Release|Any CPU
		{24DF1FE5-9D5A-44C0-93A8-F5D7BAC55185}.Release|Mixed Platforms.Build.0 = Release|Any CPU
		{24DF1FE5-9D5A-44C0-93A8-F5D7BAC55185}.Release|x86.ActiveCfg = Release|Any CPU
		{69C50EB4-D8B0-48E8-AB33-1219F389A1F4}.Debug|Any CPU.ActiveCfg = Debug|Any CPU
		{69C50EB4-D8B0-48E8-AB33-1219F389A1F4}.Debug|Any CPU.Build.0 = Debug|Any CPU
		{69C50EB4-D8B0-48E8-AB33-1219F389A1F4}.Debug|Mixed Platforms.ActiveCfg = Debug|Any CPU
		{69C50EB4-D8B0-48E8-AB33-1219F389A1F4}.Debug|Mixed Platforms.Build.0 = Debug|Any CPU
		{69C50EB4-D8B0-48E8-AB33-1219F389A1F4}.Debug|x86.ActiveCfg = Debug|Any CPU
		{69C50EB4-D8B0-48E8-AB33-1219F389A1F4}.Release|Any CPU.ActiveCfg = Release|Any CPU
		{69C50EB4-D8B0-48E8-AB33-1219F389A1F4}.Release|Any CPU.Build.0 = Release|Any CPU
		{69C50EB4-D8B0-48E8-AB33-1219F389A1F4}.Release|Mixed Platforms.ActiveCfg = Release|Any CPU
		{69C50EB4-D8B0-48E8-AB33-1219F389A1F4}.Release|Mixed Platforms.Build.0 = Release|Any CPU
		{69C50EB4-D8B0-48E8-AB33-1219F389A1F4}.Release|x86.ActiveCfg = Release|Any CPU
		{B07B33EE-7255-4EEE-9EA4-24E0C2784E50}.Debug|Any CPU.ActiveCfg = Debug|Any CPU
		{B07B33EE-7255-4EEE-9EA4-24E0C2784E50}.Debug|Any CPU.Build.0 = Debug|Any CPU
		{B07B33EE-7255-4EEE-9EA4-24E0C2784E50}.Debug|Mixed Platforms.ActiveCfg = Debug|Any CPU
		{B07B33EE-7255-4EEE-9EA4-24E0C2784E50}.Debug|Mixed Platforms.Build.0 = Debug|Any CPU
		{B07B33EE-7255-4EEE-9EA4-24E0C2784E50}.Debug|x86.ActiveCfg = Debug|Any CPU
		{B07B33EE-7255-4EEE-9EA4-24E0C2784E50}.Release|Any CPU.ActiveCfg = Release|Any CPU
		{B07B33EE-7255-4EEE-9EA4-24E0C2784E50}.Release|Any CPU.Build.0 = Release|Any CPU
		{B07B33EE-7255-4EEE-9EA4-24E0C2784E50}.Release|Mixed Platforms.ActiveCfg = Release|Any CPU
		{B07B33EE-7255-4EEE-9EA4-24E0C2784E50}.Release|Mixed Platforms.Build.0 = Release|Any CPU
		{B07B33EE-7255-4EEE-9EA4-24E0C2784E50}.Release|x86.ActiveCfg = Release|Any CPU
		{97AAD83D-FAB4-4185-BCAD-61C61A42B5EC}.Debug|Any CPU.ActiveCfg = Debug|Any CPU
		{97AAD83D-FAB4-4185-BCAD-61C61A42B5EC}.Debug|Any CPU.Build.0 = Debug|Any CPU
		{97AAD83D-FAB4-4185-BCAD-61C61A42B5EC}.Debug|Mixed Platforms.ActiveCfg = Debug|Any CPU
		{97AAD83D-FAB4-4185-BCAD-61C61A42B5EC}.Debug|Mixed Platforms.Build.0 = Debug|Any CPU
		{97AAD83D-FAB4-4185-BCAD-61C61A42B5EC}.Debug|x86.ActiveCfg = Debug|Any CPU
		{97AAD83D-FAB4-4185-BCAD-61C61A42B5EC}.Release|Any CPU.ActiveCfg = Release|Any CPU
		{97AAD83D-FAB4-4185-BCAD-61C61A42B5EC}.Release|Any CPU.Build.0 = Release|Any CPU
		{97AAD83D-FAB4-4185-BCAD-61C61A42B5EC}.Release|Mixed Platforms.ActiveCfg = Release|Any CPU
		{97AAD83D-FAB4-4185-BCAD-61C61A42B5EC}.Release|Mixed Platforms.Build.0 = Release|Any CPU
		{97AAD83D-FAB4-4185-BCAD-61C61A42B5EC}.Release|x86.ActiveCfg = Release|Any CPU
		{C5A789ED-BC04-4E39-AE67-2D086607DBCC}.Debug|Any CPU.ActiveCfg = Debug|Any CPU
		{C5A789ED-BC04-4E39-AE67-2D086607DBCC}.Debug|Any CPU.Build.0 = Debug|Any CPU
		{C5A789ED-BC04-4E39-AE67-2D086607DBCC}.Debug|Mixed Platforms.ActiveCfg = Debug|Any CPU
		{C5A789ED-BC04-4E39-AE67-2D086607DBCC}.Debug|Mixed Platforms.Build.0 = Debug|Any CPU
		{C5A789ED-BC04-4E39-AE67-2D086607DBCC}.Debug|x86.ActiveCfg = Debug|Any CPU
		{C5A789ED-BC04-4E39-AE67-2D086607DBCC}.Release|Any CPU.ActiveCfg = Release|Any CPU
		{C5A789ED-BC04-4E39-AE67-2D086607DBCC}.Release|Any CPU.Build.0 = Release|Any CPU
		{C5A789ED-BC04-4E39-AE67-2D086607DBCC}.Release|Mixed Platforms.ActiveCfg = Release|Any CPU
		{C5A789ED-BC04-4E39-AE67-2D086607DBCC}.Release|Mixed Platforms.Build.0 = Release|Any CPU
		{C5A789ED-BC04-4E39-AE67-2D086607DBCC}.Release|x86.ActiveCfg = Release|Any CPU
		{EC81783C-F033-47F2-B5D4-6F4DC9F26403}.Debug|Any CPU.ActiveCfg = Debug|Any CPU
		{EC81783C-F033-47F2-B5D4-6F4DC9F26403}.Debug|Any CPU.Build.0 = Debug|Any CPU
		{EC81783C-F033-47F2-B5D4-6F4DC9F26403}.Debug|Mixed Platforms.ActiveCfg = Debug|Any CPU
		{EC81783C-F033-47F2-B5D4-6F4DC9F26403}.Debug|Mixed Platforms.Build.0 = Debug|Any CPU
		{EC81783C-F033-47F2-B5D4-6F4DC9F26403}.Debug|x86.ActiveCfg = Debug|Any CPU
		{EC81783C-F033-47F2-B5D4-6F4DC9F26403}.Release|Any CPU.ActiveCfg = Release|Any CPU
		{EC81783C-F033-47F2-B5D4-6F4DC9F26403}.Release|Any CPU.Build.0 = Release|Any CPU
		{EC81783C-F033-47F2-B5D4-6F4DC9F26403}.Release|Mixed Platforms.ActiveCfg = Release|Any CPU
		{EC81783C-F033-47F2-B5D4-6F4DC9F26403}.Release|Mixed Platforms.Build.0 = Release|Any CPU
		{EC81783C-F033-47F2-B5D4-6F4DC9F26403}.Release|x86.ActiveCfg = Release|Any CPU
		{EAF5EC13-3469-4D39-B229-7831CC6741E6}.Debug|Any CPU.ActiveCfg = Debug|Any CPU
		{EAF5EC13-3469-4D39-B229-7831CC6741E6}.Debug|Any CPU.Build.0 = Debug|Any CPU
		{EAF5EC13-3469-4D39-B229-7831CC6741E6}.Debug|Mixed Platforms.ActiveCfg = Debug|Any CPU
		{EAF5EC13-3469-4D39-B229-7831CC6741E6}.Debug|Mixed Platforms.Build.0 = Debug|Any CPU
		{EAF5EC13-3469-4D39-B229-7831CC6741E6}.Debug|x86.ActiveCfg = Debug|Any CPU
		{EAF5EC13-3469-4D39-B229-7831CC6741E6}.Release|Any CPU.ActiveCfg = Release|Any CPU
		{EAF5EC13-3469-4D39-B229-7831CC6741E6}.Release|Any CPU.Build.0 = Release|Any CPU
		{EAF5EC13-3469-4D39-B229-7831CC6741E6}.Release|Mixed Platforms.ActiveCfg = Release|Any CPU
		{EAF5EC13-3469-4D39-B229-7831CC6741E6}.Release|Mixed Platforms.Build.0 = Release|Any CPU
		{EAF5EC13-3469-4D39-B229-7831CC6741E6}.Release|x86.ActiveCfg = Release|Any CPU
		{3704E6A9-C0EA-431D-BCB7-B33242BD49E4}.Debug|Any CPU.ActiveCfg = Debug|Any CPU
		{3704E6A9-C0EA-431D-BCB7-B33242BD49E4}.Debug|Any CPU.Build.0 = Debug|Any CPU
		{3704E6A9-C0EA-431D-BCB7-B33242BD49E4}.Debug|Mixed Platforms.ActiveCfg = Debug|Any CPU
		{3704E6A9-C0EA-431D-BCB7-B33242BD49E4}.Debug|Mixed Platforms.Build.0 = Debug|Any CPU
		{3704E6A9-C0EA-431D-BCB7-B33242BD49E4}.Debug|x86.ActiveCfg = Debug|Any CPU
		{3704E6A9-C0EA-431D-BCB7-B33242BD49E4}.Release|Any CPU.ActiveCfg = Release|Any CPU
		{3704E6A9-C0EA-431D-BCB7-B33242BD49E4}.Release|Any CPU.Build.0 = Release|Any CPU
		{3704E6A9-C0EA-431D-BCB7-B33242BD49E4}.Release|Mixed Platforms.ActiveCfg = Release|Any CPU
		{3704E6A9-C0EA-431D-BCB7-B33242BD49E4}.Release|Mixed Platforms.Build.0 = Release|Any CPU
		{3704E6A9-C0EA-431D-BCB7-B33242BD49E4}.Release|x86.ActiveCfg = Release|Any CPU
		{009DE9F6-1B91-4470-ADB3-B77CF09DF7EE}.Debug|Any CPU.ActiveCfg = Debug|Any CPU
		{009DE9F6-1B91-4470-ADB3-B77CF09DF7EE}.Debug|Any CPU.Build.0 = Debug|Any CPU
		{009DE9F6-1B91-4470-ADB3-B77CF09DF7EE}.Debug|Mixed Platforms.ActiveCfg = Debug|Any CPU
		{009DE9F6-1B91-4470-ADB3-B77CF09DF7EE}.Debug|Mixed Platforms.Build.0 = Debug|Any CPU
		{009DE9F6-1B91-4470-ADB3-B77CF09DF7EE}.Debug|x86.ActiveCfg = Debug|Any CPU
		{009DE9F6-1B91-4470-ADB3-B77CF09DF7EE}.Release|Any CPU.ActiveCfg = Release|Any CPU
		{009DE9F6-1B91-4470-ADB3-B77CF09DF7EE}.Release|Any CPU.Build.0 = Release|Any CPU
		{009DE9F6-1B91-4470-ADB3-B77CF09DF7EE}.Release|Mixed Platforms.ActiveCfg = Release|Any CPU
		{009DE9F6-1B91-4470-ADB3-B77CF09DF7EE}.Release|Mixed Platforms.Build.0 = Release|Any CPU
		{009DE9F6-1B91-4470-ADB3-B77CF09DF7EE}.Release|x86.ActiveCfg = Release|Any CPU
		{24966F2A-10CA-4EC6-BEEE-6B4672A55EA3}.Debug|Any CPU.ActiveCfg = Debug|Any CPU
		{24966F2A-10CA-4EC6-BEEE-6B4672A55EA3}.Debug|Any CPU.Build.0 = Debug|Any CPU
		{24966F2A-10CA-4EC6-BEEE-6B4672A55EA3}.Debug|Mixed Platforms.ActiveCfg = Debug|Any CPU
		{24966F2A-10CA-4EC6-BEEE-6B4672A55EA3}.Debug|Mixed Platforms.Build.0 = Debug|Any CPU
		{24966F2A-10CA-4EC6-BEEE-6B4672A55EA3}.Debug|x86.ActiveCfg = Debug|Any CPU
		{24966F2A-10CA-4EC6-BEEE-6B4672A55EA3}.Release|Any CPU.ActiveCfg = Release|Any CPU
		{24966F2A-10CA-4EC6-BEEE-6B4672A55EA3}.Release|Any CPU.Build.0 = Release|Any CPU
		{24966F2A-10CA-4EC6-BEEE-6B4672A55EA3}.Release|Mixed Platforms.ActiveCfg = Release|Any CPU
		{24966F2A-10CA-4EC6-BEEE-6B4672A55EA3}.Release|Mixed Platforms.Build.0 = Release|Any CPU
		{24966F2A-10CA-4EC6-BEEE-6B4672A55EA3}.Release|x86.ActiveCfg = Release|Any CPU
		{2410356A-4A73-42ED-B39D-E890BA617C34}.Debug|Any CPU.ActiveCfg = Debug|Any CPU
		{2410356A-4A73-42ED-B39D-E890BA617C34}.Debug|Any CPU.Build.0 = Debug|Any CPU
		{2410356A-4A73-42ED-B39D-E890BA617C34}.Debug|Mixed Platforms.ActiveCfg = Debug|Any CPU
		{2410356A-4A73-42ED-B39D-E890BA617C34}.Debug|Mixed Platforms.Build.0 = Debug|Any CPU
		{2410356A-4A73-42ED-B39D-E890BA617C34}.Debug|x86.ActiveCfg = Debug|Any CPU
		{2410356A-4A73-42ED-B39D-E890BA617C34}.Release|Any CPU.ActiveCfg = Release|Any CPU
		{2410356A-4A73-42ED-B39D-E890BA617C34}.Release|Any CPU.Build.0 = Release|Any CPU
		{2410356A-4A73-42ED-B39D-E890BA617C34}.Release|Mixed Platforms.ActiveCfg = Release|Any CPU
		{2410356A-4A73-42ED-B39D-E890BA617C34}.Release|Mixed Platforms.Build.0 = Release|Any CPU
		{2410356A-4A73-42ED-B39D-E890BA617C34}.Release|x86.ActiveCfg = Release|Any CPU
		{4A25D651-3EA4-49D7-917B-116263F1A3D5}.Debug|Any CPU.ActiveCfg = Debug|Any CPU
		{4A25D651-3EA4-49D7-917B-116263F1A3D5}.Debug|Any CPU.Build.0 = Debug|Any CPU
		{4A25D651-3EA4-49D7-917B-116263F1A3D5}.Debug|Mixed Platforms.ActiveCfg = Debug|Any CPU
		{4A25D651-3EA4-49D7-917B-116263F1A3D5}.Debug|Mixed Platforms.Build.0 = Debug|Any CPU
		{4A25D651-3EA4-49D7-917B-116263F1A3D5}.Debug|x86.ActiveCfg = Debug|Any CPU
		{4A25D651-3EA4-49D7-917B-116263F1A3D5}.Release|Any CPU.ActiveCfg = Release|Any CPU
		{4A25D651-3EA4-49D7-917B-116263F1A3D5}.Release|Any CPU.Build.0 = Release|Any CPU
		{4A25D651-3EA4-49D7-917B-116263F1A3D5}.Release|Mixed Platforms.ActiveCfg = Release|Any CPU
		{4A25D651-3EA4-49D7-917B-116263F1A3D5}.Release|Mixed Platforms.Build.0 = Release|Any CPU
		{4A25D651-3EA4-49D7-917B-116263F1A3D5}.Release|x86.ActiveCfg = Release|Any CPU
		{91858CAE-979D-47DA-AC38-0D77B5CC7A53}.Debug|Any CPU.ActiveCfg = Debug|Any CPU
		{91858CAE-979D-47DA-AC38-0D77B5CC7A53}.Debug|Any CPU.Build.0 = Debug|Any CPU
		{91858CAE-979D-47DA-AC38-0D77B5CC7A53}.Debug|Mixed Platforms.ActiveCfg = Debug|Any CPU
		{91858CAE-979D-47DA-AC38-0D77B5CC7A53}.Debug|Mixed Platforms.Build.0 = Debug|Any CPU
		{91858CAE-979D-47DA-AC38-0D77B5CC7A53}.Debug|x86.ActiveCfg = Debug|Any CPU
		{91858CAE-979D-47DA-AC38-0D77B5CC7A53}.Release|Any CPU.ActiveCfg = Release|Any CPU
		{91858CAE-979D-47DA-AC38-0D77B5CC7A53}.Release|Any CPU.Build.0 = Release|Any CPU
		{91858CAE-979D-47DA-AC38-0D77B5CC7A53}.Release|Mixed Platforms.ActiveCfg = Release|Any CPU
		{91858CAE-979D-47DA-AC38-0D77B5CC7A53}.Release|Mixed Platforms.Build.0 = Release|Any CPU
		{91858CAE-979D-47DA-AC38-0D77B5CC7A53}.Release|x86.ActiveCfg = Release|Any CPU
		{B59259B0-C951-4E02-B038-69BC0CE23F99}.Debug|Any CPU.ActiveCfg = Debug|Any CPU
		{B59259B0-C951-4E02-B038-69BC0CE23F99}.Debug|Any CPU.Build.0 = Debug|Any CPU
		{B59259B0-C951-4E02-B038-69BC0CE23F99}.Debug|Mixed Platforms.ActiveCfg = Debug|Any CPU
		{B59259B0-C951-4E02-B038-69BC0CE23F99}.Debug|Mixed Platforms.Build.0 = Debug|Any CPU
		{B59259B0-C951-4E02-B038-69BC0CE23F99}.Debug|x86.ActiveCfg = Debug|Any CPU
		{B59259B0-C951-4E02-B038-69BC0CE23F99}.Release|Any CPU.ActiveCfg = Release|Any CPU
		{B59259B0-C951-4E02-B038-69BC0CE23F99}.Release|Any CPU.Build.0 = Release|Any CPU
		{B59259B0-C951-4E02-B038-69BC0CE23F99}.Release|Mixed Platforms.ActiveCfg = Release|Any CPU
		{B59259B0-C951-4E02-B038-69BC0CE23F99}.Release|Mixed Platforms.Build.0 = Release|Any CPU
		{B59259B0-C951-4E02-B038-69BC0CE23F99}.Release|x86.ActiveCfg = Release|Any CPU
	EndGlobalSection
	GlobalSection(SolutionProperties) = preSolution
		HideSolutionNode = FALSE
	EndGlobalSection
	GlobalSection(NestedProjects) = preSolution
		{9D6E8D58-9B4D-481D-94D4-3F26F1F748C9} = {9D9268FE-5384-4FB4-BCA3-B599AAD066C3}
		{BCE652D4-995A-41EC-98B4-7D65EC270C1B} = {9D9268FE-5384-4FB4-BCA3-B599AAD066C3}
		{10BDBA58-D92B-4739-B772-7C06BE264A1C} = {9D9268FE-5384-4FB4-BCA3-B599AAD066C3}
		{7CE8D212-8209-41DC-931A-4C2468D5940D} = {9D9268FE-5384-4FB4-BCA3-B599AAD066C3}
		{5F0E8BC7-FC7F-45A3-979F-771C71B789B7} = {9D9268FE-5384-4FB4-BCA3-B599AAD066C3}
		{9C48F6E9-2861-4744-9FF0-C62DB3E1B6C4} = {9D9268FE-5384-4FB4-BCA3-B599AAD066C3}
		{62F2A8ED-5767-409F-AF3F-5F80C5DEB7B2} = {9D9268FE-5384-4FB4-BCA3-B599AAD066C3}
		{B07B33EE-7255-4EEE-9EA4-24E0C2784E50} = {9D9268FE-5384-4FB4-BCA3-B599AAD066C3}
		{2410356A-4A73-42ED-B39D-E890BA617C34} = {9D9268FE-5384-4FB4-BCA3-B599AAD066C3}
		{4A25D651-3EA4-49D7-917B-116263F1A3D5} = {9D9268FE-5384-4FB4-BCA3-B599AAD066C3}
		{4F7116C9-3F3E-4FDA-82EE-875E23927CCD} = {9D9268FE-5384-4FB4-BCA3-B599AAD066C3}
		{4A60253F-5BC4-492B-BEBA-029F1EB6E69D} = {1B280106-6AA7-4821-B265-10EFEF7200FE}
		{83293A35-81BD-491A-A346-528648B37945} = {1B280106-6AA7-4821-B265-10EFEF7200FE}
		{6E9F31C6-3A4D-4DA8-9F6E-8D13997787E5} = {1B280106-6AA7-4821-B265-10EFEF7200FE}
		{AFA9E014-318D-4873-90DB-C6AF590B8181} = {57AA54D0-3097-4448-B952-885588882B98}
		{0680062C-D4EB-48D7-A188-4948AA7142D6} = {57AA54D0-3097-4448-B952-885588882B98}
		{F4A05902-AA1A-4656-9E99-CFB136845096} = {57AA54D0-3097-4448-B952-885588882B98}
		{5371FCDD-BC77-4F6F-8E47-5C57CC262AFE} = {57AA54D0-3097-4448-B952-885588882B98}
		{24DF1FE5-9D5A-44C0-93A8-F5D7BAC55185} = {57AA54D0-3097-4448-B952-885588882B98}
		{69C50EB4-D8B0-48E8-AB33-1219F389A1F4} = {57AA54D0-3097-4448-B952-885588882B98}
		{97AAD83D-FAB4-4185-BCAD-61C61A42B5EC} = {57AA54D0-3097-4448-B952-885588882B98}
		{C5A789ED-BC04-4E39-AE67-2D086607DBCC} = {57AA54D0-3097-4448-B952-885588882B98}
		{EC81783C-F033-47F2-B5D4-6F4DC9F26403} = {57AA54D0-3097-4448-B952-885588882B98}
		{EAF5EC13-3469-4D39-B229-7831CC6741E6} = {57AA54D0-3097-4448-B952-885588882B98}
		{3704E6A9-C0EA-431D-BCB7-B33242BD49E4} = {57AA54D0-3097-4448-B952-885588882B98}
		{009DE9F6-1B91-4470-ADB3-B77CF09DF7EE} = {57AA54D0-3097-4448-B952-885588882B98}
		{24966F2A-10CA-4EC6-BEEE-6B4672A55EA3} = {57AA54D0-3097-4448-B952-885588882B98}
		{91858CAE-979D-47DA-AC38-0D77B5CC7A53} = {57AA54D0-3097-4448-B952-885588882B98}
		{ED9E4D88-D317-43BD-B985-5EA8EFB12FD6} = {29A9B6FF-05C4-451A-8ED7-B155905B057F}
		{B59259B0-C951-4E02-B038-69BC0CE23F99} = {29A9B6FF-05C4-451A-8ED7-B155905B057F}
		{23A7FB57-0CC4-47E9-AF26-D1BCF01C79E7} = {29A9B6FF-05C4-451A-8ED7-B155905B057F}
	EndGlobalSection
EndGlobal
